
Microsoft Visual Studio Solution File, Format Version 12.00
# Visual Studio Version 17
VisualStudioVersion = 17.5.33502.453
MinimumVisualStudioVersion = 10.0.40219.1
Project("{FAE04EC0-301F-11D3-BF4B-00C04F79EFBC}") = "MicroserviceOpenIddictTemplate.Identity", "MicroserviceOpenIddictTemplate.Identity\MicroserviceOpenIddictTemplate.Identity.csproj", "{62764DCC-EF8B-48F8-92F8-FC3F3B47C905}"
EndProject
Project("{FAE04EC0-301F-11D3-BF4B-00C04F79EFBC}") = "MicroserviceOpenIddictTemplate.DAL", "MicroserviceOpenIddictTemplate.DAL\MicroserviceOpenIddictTemplate.DAL.csproj", "{EF21F4FA-4156-4720-BE10-A81933A69C83}"
EndProject
Project("{FAE04EC0-301F-11D3-BF4B-00C04F79EFBC}") = "MicroserviceOpenIddictTemplate.Base", "MicroserviceOpenIddictTemplate.Base\MicroserviceOpenIddictTemplate.Base.csproj", "{12A5B6C3-5148-403D-9A29-375DD68E9C59}"
EndProject
Global
	GlobalSection(SolutionConfigurationPlatforms) = preSolution
		Debug|Any CPU = Debug|Any CPU
		Release|Any CPU = Release|Any CPU
	EndGlobalSection
	GlobalSection(ProjectConfigurationPlatforms) = postSolution
		{62764DCC-EF8B-48F8-92F8-FC3F3B47C905}.Debug|Any CPU.ActiveCfg = Debug|Any CPU
		{62764DCC-EF8B-48F8-92F8-FC3F3B47C905}.Debug|Any CPU.Build.0 = Debug|Any CPU
		{62764DCC-EF8B-48F8-92F8-FC3F3B47C905}.Release|Any CPU.ActiveCfg = Release|Any CPU
		{62764DCC-EF8B-48F8-92F8-FC3F3B47C905}.Release|Any CPU.Build.0 = Release|Any CPU
		{EF21F4FA-4156-4720-BE10-A81933A69C83}.Debug|Any CPU.ActiveCfg = Debug|Any CPU
		{EF21F4FA-4156-4720-BE10-A81933A69C83}.Debug|Any CPU.Build.0 = Debug|Any CPU
		{EF21F4FA-4156-4720-BE10-A81933A69C83}.Release|Any CPU.ActiveCfg = Release|Any CPU
		{EF21F4FA-4156-4720-BE10-A81933A69C83}.Release|Any CPU.Build.0 = Release|Any CPU
		{12A5B6C3-5148-403D-9A29-375DD68E9C59}.Debug|Any CPU.ActiveCfg = Debug|Any CPU
		{12A5B6C3-5148-403D-9A29-375DD68E9C59}.Debug|Any CPU.Build.0 = Debug|Any CPU
		{12A5B6C3-5148-403D-9A29-375DD68E9C59}.Release|Any CPU.ActiveCfg = Release|Any CPU
		{12A5B6C3-5148-403D-9A29-375DD68E9C59}.Release|Any CPU.Build.0 = Release|Any CPU
	EndGlobalSection
	GlobalSection(SolutionProperties) = preSolution
		HideSolutionNode = FALSE
	EndGlobalSection
	GlobalSection(ExtensibilityGlobals) = postSolution
		SolutionGuid = {A6CFDA0F-85FC-41C2-9F33-683FF560617B}
	EndGlobalSection
EndGlobal
